
Microsoft Visual Studio Solution File, Format Version 12.00
# Visual Studio Version 16
VisualStudioVersion = 16.0.31112.23
MinimumVisualStudioVersion = 10.0.40219.1
Project("{FAE04EC0-301F-11D3-BF4B-00C04F79EFBC}") = "PersonalScheduleDiary", "PersonalScheduleDiary\PersonalScheduleDiary.csproj", "{AAF0AA89-1F6C-4FC9-84A5-D0BFDFDBAFB3}"
EndProject
Global
	GlobalSection(SolutionConfigurationPlatforms) = preSolution
		Debug|Any CPU = Debug|Any CPU
		Release|Any CPU = Release|Any CPU
	EndGlobalSection
	GlobalSection(ProjectConfigurationPlatforms) = postSolution
		{AAF0AA89-1F6C-4FC9-84A5-D0BFDFDBAFB3}.Debug|Any CPU.ActiveCfg = Debug|Any CPU
		{AAF0AA89-1F6C-4FC9-84A5-D0BFDFDBAFB3}.Debug|Any CPU.Build.0 = Debug|Any CPU
		{AAF0AA89-1F6C-4FC9-84A5-D0BFDFDBAFB3}.Release|Any CPU.ActiveCfg = Release|Any CPU
		{AAF0AA89-1F6C-4FC9-84A5-D0BFDFDBAFB3}.Release|Any CPU.Build.0 = Release|Any CPU
	EndGlobalSection
	GlobalSection(SolutionProperties) = preSolution
		HideSolutionNode = FALSE
	EndGlobalSection
	GlobalSection(ExtensibilityGlobals) = postSolution
		SolutionGuid = {784CF961-E042-4FB3-A271-A709B6810F7C}
	EndGlobalSection
EndGlobal
